# This file was autogenerated by Stack.
# You should not edit this file by hand.
# For more information, please see the documentation at:
#   https://docs.haskellstack.org/en/stable/lock_files

packages:
- completed:
    hackage: xmobar-0.32@sha256:f2cf80a8b524642ff28b8a821ebcba6908238080eb2df9ca09f02f643c92a83c,10784
    pantry-tree:
      size: 6129
      sha256: e027adffb5b01c2c3dace8359545fb2a48f686e97d96b12eb452c97f11066a11
  original:
    hackage: xmobar-0.32@sha256:f2cf80a8b524642ff28b8a821ebcba6908238080eb2df9ca09f02f643c92a83c,10784
snapshots:
- completed:
    size: 524154
    url: https://raw.githubusercontent.com/commercialhaskell/stackage-snapshots/master/lts/14/20.yaml
    sha256: 2f5099f69ddb6abfe64400fe1e6a604e8e628f55e6837211cd70a81eb0a8fa4d
  original: lts-14.20
