# This file was autogenerated by Stack.
# You should not edit this file by hand.
# For more information, please see the documentation at:
#   https://docs.haskellstack.org/en/stable/lock_files

packages:
- completed:
    hackage: xmobar-0.32@sha256:f2cf80a8b524642ff28b8a821ebcba6908238080eb2df9ca09f02f643c92a83c,10784
    pantry-tree:
      size: 6129
      sha256: e027adffb5b01c2c3dace8359545fb2a48f686e97d96b12eb452c97f11066a11
  original:
    hackage: xmobar-0.32@sha256:f2cf80a8b524642ff28b8a821ebcba6908238080eb2df9ca09f02f643c92a83c,10784
- completed:
    hackage: usb-1.3.0.6@sha256:8b0eb05449e84348180ebd7f73e62751f32aeb10cf7709b4bc81e425a45da613,4185
    pantry-tree:
      size: 1229
      sha256: 669772fa400339bded5aaf9ab577cd1b8cc982516387f062b86a392b0a4b809f
  original:
    hackage: usb-1.3.0.6@sha256:8b0eb05449e84348180ebd7f73e62751f32aeb10cf7709b4bc81e425a45da613,4185
- completed:
    hackage: bindings-libusb-1.4.5.0@sha256:a91daad1448350f345206c800aea30650bf090c70a82a740d4b4e1f202bd56f4,1728
    pantry-tree:
      size: 1093
      sha256: 46ed6f07ed4260b9d4fcec03a46ed42d2ed16943e5be35c07b15735699f0e18f
  original:
    hackage: bindings-libusb-1.4.5.0@sha256:a91daad1448350f345206c800aea30650bf090c70a82a740d4b4e1f202bd56f4,1728
snapshots:
- completed:
    size: 524154
    url: https://raw.githubusercontent.com/commercialhaskell/stackage-snapshots/master/lts/14/20.yaml
    sha256: 2f5099f69ddb6abfe64400fe1e6a604e8e628f55e6837211cd70a81eb0a8fa4d
  original: lts-14.20
